{
    "_meta": {
        "hash": {
            "sha256": "37bef15e7f36a164e246a4eab29e696d25433aa6daa945619c2506f0df793d8a"
        },
        "pipfile-spec": 6,
        "requires": {
            "python_version": "2.7"
        },
        "sources": [
            {
                "name": "pypi",
                "url": "https://pypi.python.org/simple",
                "verify_ssl": true
            }
        ]
    },
    "default": {
        "asn1crypto": {
            "hashes": [
                "sha256:2f1adbb7546ed199e3c90ef23ec95c5cf3585bac7d11fb7eb562a3fe89c64e87",
                "sha256:9d5c20441baf0cb60a4ac34cc447c6c189024b6b4c6cd7877034f4965c464e49"
            ],
            "version": "==0.24.0"
        },
        "attrs": {
            "hashes": [
                "sha256:10cbf6e27dbce8c30807caf056c8eb50917e0eaafe86347671b57254006c3e69",
                "sha256:ca4be454458f9dec299268d472aaa5a11f67a4ff70093396e1ceae9c76cf4bbb"
            ],
            "version": "==18.2.0"
        },
        "automat": {
            "hashes": [
                "sha256:cbd78b83fa2d81fe2a4d23d258e1661dd7493c9a50ee2f1a5b2cac61c1793b0e",
                "sha256:fdccab66b68498af9ecfa1fa43693abe546014dd25cf28543cbe9d1334916a58"
            ],
            "version": "==0.7.0"
        },
        "cffi": {
            "hashes": [
                "sha256:151b7eefd035c56b2b2e1eb9963c90c6302dc15fbd8c1c0a83a163ff2c7d7743",
                "sha256:1553d1e99f035ace1c0544050622b7bc963374a00c467edafac50ad7bd276aef",
                "sha256:1b0493c091a1898f1136e3f4f991a784437fac3673780ff9de3bcf46c80b6b50",
                "sha256:2ba8a45822b7aee805ab49abfe7eec16b90587f7f26df20c71dd89e45a97076f",
                "sha256:3bb6bd7266598f318063e584378b8e27c67de998a43362e8fce664c54ee52d30",
                "sha256:3c85641778460581c42924384f5e68076d724ceac0f267d66c757f7535069c93",
                "sha256:3eb6434197633b7748cea30bf0ba9f66727cdce45117a712b29a443943733257",
                "sha256:495c5c2d43bf6cebe0178eb3e88f9c4aa48d8934aa6e3cddb865c058da76756b",
                "sha256:4c91af6e967c2015729d3e69c2e51d92f9898c330d6a851bf8f121236f3defd3",
                "sha256:57b2533356cb2d8fac1555815929f7f5f14d68ac77b085d2326b571310f34f6e",
                "sha256:770f3782b31f50b68627e22f91cb182c48c47c02eb405fd689472aa7b7aa16dc",
                "sha256:79f9b6f7c46ae1f8ded75f68cf8ad50e5729ed4d590c74840471fc2823457d04",
                "sha256:7a33145e04d44ce95bcd71e522b478d282ad0eafaf34fe1ec5bbd73e662f22b6",
                "sha256:857959354ae3a6fa3da6651b966d13b0a8bed6bbc87a0de7b38a549db1d2a359",
                "sha256:87f37fe5130574ff76c17cab61e7d2538a16f843bb7bca8ebbc4b12de3078596",
                "sha256:95d5251e4b5ca00061f9d9f3d6fe537247e145a8524ae9fd30a2f8fbce993b5b",
                "sha256:9d1d3e63a4afdc29bd76ce6aa9d58c771cd1599fbba8cf5057e7860b203710dd",
                "sha256:a36c5c154f9d42ec176e6e620cb0dd275744aa1d804786a71ac37dc3661a5e95",
                "sha256:a6a5cb8809091ec9ac03edde9304b3ad82ad4466333432b16d78ef40e0cce0d5",
                "sha256:ae5e35a2c189d397b91034642cb0eab0e346f776ec2eb44a49a459e6615d6e2e",
                "sha256:b0f7d4a3df8f06cf49f9f121bead236e328074de6449866515cea4907bbc63d6",
                "sha256:b75110fb114fa366b29a027d0c9be3709579602ae111ff61674d28c93606acca",
                "sha256:ba5e697569f84b13640c9e193170e89c13c6244c24400fc57e88724ef610cd31",
                "sha256:be2a9b390f77fd7676d80bc3cdc4f8edb940d8c198ed2d8c0be1319018c778e1",
                "sha256:ca1bd81f40adc59011f58159e4aa6445fc585a32bb8ac9badf7a2c1aa23822f2",
                "sha256:d5d8555d9bfc3f02385c1c37e9f998e2011f0db4f90e250e5bc0c0a85a813085",
                "sha256:e55e22ac0a30023426564b1059b035973ec82186ddddbac867078435801c7801",
                "sha256:e90f17980e6ab0f3c2f3730e56d1fe9bcba1891eeea58966e89d352492cc74f4",
                "sha256:ecbb7b01409e9b782df5ded849c178a0aa7c906cf8c5a67368047daab282b184",
                "sha256:ed01918d545a38998bfa5902c7c00e0fee90e957ce036a4000a88e3fe2264917",
                "sha256:edabd457cd23a02965166026fd9bfd196f4324fe6032e866d0f3bd0301cd486f",
                "sha256:fdf1c1dc5bafc32bc5d08b054f94d659422b05aba244d6be4ddc1c72d9aa70fb"
            ],
            "version": "==1.11.5"
        },
        "chardet": {
            "hashes": [
                "sha256:84ab92ed1c4d4f16916e05906b6b75a6c0fb5db821cc65e70cbd64a3e2a5eaae",
                "sha256:fc323ffcaeaed0e0a02bf4d117757b98aed530d9ed4531e3e15460124c106691"
            ],
            "index": "pypi",
            "version": "==3.0.4"
        },
        "configparser": {
            "hashes": [
                "sha256:5308b47021bc2340965c371f0f058cc6971a04502638d4244225c49d80db273a"
            ],
            "markers": "python_version < '3.2'",
            "version": "==3.5.0"
        },
        "constantly": {
            "hashes": [
                "sha256:586372eb92059873e29eba4f9dec8381541b4d3834660707faf8ba59146dfc35",
                "sha256:dd2fa9d6b1a51a83f0d7dd76293d734046aa176e384bf6e33b7e44880eb37c5d"
            ],
            "version": "==15.1.0"
        },
        "cryptography": {
            "hashes": [
                "sha256:02602e1672b62e803e08617ec286041cc453e8d43f093a5f4162095506bc0beb",
                "sha256:10b48e848e1edb93c1d3b797c83c72b4c387ab0eb4330aaa26da8049a6cbede0",
                "sha256:17db09db9d7c5de130023657be42689d1a5f60502a14f6f745f6f65a6b8195c0",
                "sha256:227da3a896df1106b1a69b1e319dce218fa04395e8cc78be7e31ca94c21254bc",
                "sha256:2cbaa03ac677db6c821dac3f4cdfd1461a32d0615847eedbb0df54bb7802e1f7",
                "sha256:31db8febfc768e4b4bd826750a70c79c99ea423f4697d1dab764eb9f9f849519",
                "sha256:4a510d268e55e2e067715d728e4ca6cd26a8e9f1f3d174faf88e6f2cb6b6c395",
                "sha256:6a88d9004310a198c474d8a822ee96a6dd6c01efe66facdf17cb692512ae5bc0",
                "sha256:76936ec70a9b72eb8c58314c38c55a0336a2b36de0c7ee8fb874a4547cadbd39",
                "sha256:7e3b4aecc4040928efa8a7cdaf074e868af32c58ffc9bb77e7bf2c1a16783286",
                "sha256:8168bcb08403ef144ff1fb880d416f49e2728101d02aaadfe9645883222c0aa5",
                "sha256:8229ceb79a1792823d87779959184a1bf95768e9248c93ae9f97c7a2f60376a1",
                "sha256:8a19e9f2fe69f6a44a5c156968d9fc8df56d09798d0c6a34ccc373bb186cee86",
                "sha256:8d10113ca826a4c29d5b85b2c4e045ffa8bad74fb525ee0eceb1d38d4c70dfd6",
                "sha256:be495b8ec5a939a7605274b6e59fbc35e76f5ad814ae010eb679529671c9e119",
                "sha256:dc2d3f3b1548f4d11786616cf0f4415e25b0fbecb8a1d2cd8c07568f13fdde38",
                "sha256:e4aecdd9d5a3d06c337894c9a6e2961898d3f64fe54ca920a72234a3de0f9cb3",
                "sha256:e79ab4485b99eacb2166f3212218dd858258f374855e1568f728462b0e6ee0d9",
                "sha256:f995d3667301e1754c57b04e0bae6f0fa9d710697a9f8d6712e8cca02550910f"
            ],
            "version": "==2.3.1"
        },
        "enum34": {
            "hashes": [
                "sha256:2d81cbbe0e73112bdfe6ef8576f2238f2ba27dd0d55752a776c41d38b7da2850",
                "sha256:644837f692e5f550741432dd3f223bbb9852018674981b1664e5dc339387588a",
                "sha256:6bd0f6ad48ec2aa117d3d141940d484deccda84d4fcd884f5c3d93c23ecd8c79",
                "sha256:8ad8c4783bf61ded74527bffb48ed9b54166685e4230386a9ed9b1279e2df5b1"
            ],
            "markers": "python_version < '3.4'",
            "version": "==1.1.6"
        },
        "flake8": {
            "hashes": [
                "sha256:7253265f7abd8b313e3892944044a365e3f4ac3fcdcfb4298f55ee9ddf188ba0",
                "sha256:c7841163e2b576d435799169b78703ad6ac1bbb0f199994fc05f700b2a90ea37"
            ],
            "index": "pypi",
            "version": "==3.5.0"
        },
        "hyperlink": {
            "hashes": [
                "sha256:98da4218a56b448c7ec7d2655cb339af1f7d751cf541469bb4fc28c4a4245b34",
                "sha256:f01b4ff744f14bc5d0a22a6b9f1525ab7d6312cb0ff967f59414bbac52f0a306"
            ],
            "version": "==18.0.0"
        },
        "idna": {
            "hashes": [
                "sha256:156a6814fb5ac1fc6850fb002e0852d56c0c8d2531923a51032d1b70760e186e",
                "sha256:684a38a6f903c1d71d6d5fac066b58d7768af4de2b832e426ec79c30daa94a16"
            ],
            "version": "==2.7"
        },
        "incremental": {
            "hashes": [
                "sha256:717e12246dddf231a349175f48d74d93e2897244939173b01974ab6661406b9f",
                "sha256:7b751696aaf36eebfab537e458929e194460051ccad279c72b755a167eebd4b3"
            ],
            "version": "==17.5.0"
        },
        "ipaddress": {
            "hashes": [
                "sha256:64b28eec5e78e7510698f6d4da08800a5c575caa4a286c93d651c5d3ff7b6794",
                "sha256:b146c751ea45cad6188dd6cf2d9b757f6f4f8d6ffb96a023e6f2e26eea02a72c"
            ],
            "markers": "python_version < '3'",
            "version": "==1.0.22"
        },
        "mako": {
            "hashes": [
                "sha256:4e02fde57bd4abb5ec400181e4c314f56ac3e49ba4fb8b0d50bba18cb27d25ae"
            ],
            "index": "pypi",
            "version": "==1.0.7"
        },
        "markupsafe": {
            "hashes": [
                "sha256:a6be69091dac236ea9c6bc7d012beab42010fa914c459791d627dad4910eb665"
            ],
            "version": "==1.0"
        },
        "mccabe": {
            "hashes": [
                "sha256:ab8a6258860da4b6677da4bd2fe5dc2c659cff31b3ee4f7f5d64e79735b80d42",
                "sha256:dd8d182285a0fe56bace7f45b5e7d1a6ebcbf524e8f3bd87eb0f125271b8831f"
            ],
            "version": "==0.6.1"
        },
        "pillow": {
            "hashes": [
                "sha256:00def5b638994f888d1058e4d17c86dec8e1113c3741a0a8a659039aec59a83a",
                "sha256:026449b64e559226cdb8e6d8c931b5965d8fc90ec18ebbb0baa04c5b36503c72",
                "sha256:03dbb224ee196ef30ed2156d41b579143e1efeb422974719a5392fc035e4f574",
                "sha256:03eb0e04f929c102ae24bc436bf1c0c60a4e63b07ebd388e84d8b219df3e6acd",
                "sha256:1be66b9a89e367e7d20d6cae419794997921fe105090fafd86ef39e20a3baab2",
                "sha256:1e977a3ed998a599bda5021fb2c2889060617627d3ae228297a529a082a3cd5c",
                "sha256:22cf3406d135cfcc13ec6228ade774c8461e125c940e80455f500638429be273",
                "sha256:24adccf1e834f82718c7fc8e3ec1093738da95144b8b1e44c99d5fc7d3e9c554",
                "sha256:2a3e362c97a5e6a259ee9cd66553292a1f8928a5bdfa3622fdb1501570834612",
                "sha256:3832e26ecbc9d8a500821e3a1d3765bda99d04ae29ffbb2efba49f5f788dc934",
                "sha256:4fd1f0c2dc02aaec729d91c92cd85a2df0289d88e9f68d1e8faba750bb9c4786",
                "sha256:4fda62030f2c515b6e2e673c57caa55cb04026a81968f3128aae10fc28e5cc27",
                "sha256:5044d75a68b49ce36a813c82d8201384207112d5d81643937fc758c05302f05b",
                "sha256:522184556921512ec484cb93bd84e0bab915d0ac5a372d49571c241a7f73db62",
                "sha256:5914cff11f3e920626da48e564be6818831713a3087586302444b9c70e8552d9",
                "sha256:6661a7908d68c4a133e03dac8178287aa20a99f841ea90beeb98a233ae3fd710",
                "sha256:79258a8df3e309a54c7ef2ef4a59bb8e28f7e4a8992a3ad17c24b1889ced44f3",
                "sha256:7d74c20b8f1c3e99d3f781d3b8ff5abfefdd7363d61e23bdeba9992ff32cc4b4",
                "sha256:81918afeafc16ba5d9d0d4e9445905f21aac969a4ebb6f2bff4b9886da100f4b",
                "sha256:8194d913ca1f459377c8a4ed8f9b7ad750068b8e0e3f3f9c6963fcc87a84515f",
                "sha256:84d5d31200b11b3c76fab853b89ac898bf2d05c8b3da07c1fcc23feb06359d6e",
                "sha256:989981db57abffb52026b114c9a1f114c7142860a6d30a352d28f8cbf186500b",
                "sha256:a3d7511d3fad1618a82299aab71a5fceee5c015653a77ffea75ced9ef917e71a",
                "sha256:b3ef168d4d6fd4fa6685aef7c91400f59f7ab1c0da734541f7031699741fb23f",
                "sha256:c1c5792b6e74bbf2af0f8e892272c2a6c48efa895903211f11b8342e03129fea",
                "sha256:c5dcb5a56aebb8a8f2585042b2f5c496d7624f0bcfe248f0cc33ceb2fd8d39e7",
                "sha256:e2bed4a04e2ca1050bb5f00865cf2f83c0b92fd62454d9244f690fcd842e27a4",
                "sha256:e87a527c06319428007e8c30511e1f0ce035cb7f14bb4793b003ed532c3b9333",
                "sha256:f63e420180cbe22ff6e32558b612e75f50616fc111c5e095a4631946c782e109",
                "sha256:f8b3d413c5a8f84b12cd4c5df1d8e211777c9852c6be3ee9c094b626644d3eab"
            ],
            "index": "pypi",
            "version": "==5.2.0"
        },
        "ply": {
            "hashes": [
                "sha256:00c7c1aaa88358b9c765b6d3000c6eec0ba42abca5351b095321aef446081da3",
                "sha256:096f9b8350b65ebd2fd1346b12452efe5b9607f7482813ffca50c22722a807ce"
            ],
            "version": "==3.11"
        },
        "pyasn1": {
            "hashes": [
                "sha256:b9d3abc5031e61927c82d4d96c1cec1e55676c1a991623cfed28faea73cdd7ca",
                "sha256:f58f2a3d12fd754aa123e9fa74fb7345333000a035f3921dbdaa08597aa53137"
            ],
            "version": "==0.4.4"
        },
        "pyasn1-modules": {
            "hashes": [
                "sha256:a0cf3e1842e7c60fde97cb22d275eb6f9524f5c5250489e292529de841417547",
                "sha256:a38a8811ea784c0136abfdba73963876328f66172db21a05a82f9515909bfb4e"
            ],
            "version": "==0.2.2"
        },
        "pycodestyle": {
            "hashes": [
                "sha256:682256a5b318149ca0d2a9185d365d8864a768a28db66a84a2ea946bcc426766",
                "sha256:6c4245ade1edfad79c3446fadfc96b0de2759662dc29d07d80a6f27ad1ca6ba9"
            ],
            "version": "==2.3.1"
        },
        "pycparser": {
            "hashes": [
                "sha256:99a8ca03e29851d96616ad0404b4aad7d9ee16f25c9f9708a11faf2810f7b226"
            ],
            "version": "==2.18"
        },
        "pyflakes": {
            "hashes": [
                "sha256:08bd6a50edf8cffa9fa09a463063c425ecaaf10d1eb0335a7e8b1401aef89e6f",
                "sha256:8d616a382f243dbf19b54743f280b80198be0bca3a5396f1d2e1fca6223e8805"
            ],
            "version": "==1.6.0"
        },
        "pyhamcrest": {
            "hashes": [
                "sha256:6b672c02fdf7470df9674ab82263841ce8333fb143f32f021f6cb26f0e512420",
                "sha256:8ffaa0a53da57e89de14ced7185ac746227a8894dbd5a3c718bf05ddbd1d56cd"
            ],
            "version": "==1.9.0"
        },
        "pyopenssl": {
            "hashes": [
                "sha256:26ff56a6b5ecaf3a2a59f132681e2a80afcc76b4f902f612f518f92c2a1bf854",
                "sha256:6488f1423b00f73b7ad5167885312bb0ce410d3312eb212393795b53c8caa580"
            ],
            "version": "==18.0.0"
        },
        "pyxdg": {
            "hashes": [
                "sha256:1948ff8e2db02156c0cccd2529b43c0cff56ebaa71f5f021bbd755bc1419190e",
                "sha256:fe2928d3f532ed32b39c32a482b54136fe766d19936afc96c8f00645f9da1a06"
            ],
            "index": "pypi",
            "version": "==0.26"
        },
        "service-identity": {
            "hashes": [
                "sha256:0e76f3c042cc0f5c7e6da002cf646f59dc4023962d1d1166343ce53bdad39e17",
                "sha256:4001fbb3da19e0df22c47a06d29681a398473af4aa9d745eca525b3b2c2302ab"
            ],
            "version": "==17.0.0"
        },
        "six": {
            "hashes": [
                "sha256:70e8a77beed4562e7f14fe23a786b54f6296e34344c23bc42f07b15018ff98e9",
                "sha256:832dc0e10feb1aa2c68dcc57dbb658f1c7e65b9b61af69048abc87a2db00a0eb"
            ],
            "version": "==1.11.0"
        },
        "slimit": {
            "hashes": [
                "sha256:f433dcef899f166b207b67d91d3f7344659cb33b8259818f084167244e17720b"
            ],
            "index": "pypi",
            "version": "==0.8.1"
        },
        "twisted": {
            "hashes": [
                "sha256:5de7b79b26aee64efe63319bb8f037af88c21287d1502b39706c818065b3d5a4",
                "sha256:95ae985716e8107816d8d0df249d558dbaabb677987cc2ace45272c166b267e4"
            ],
            "index": "pypi",
            "version": "==18.7.0"
        },
        "zope.interface": {
            "hashes": [
                "sha256:21506674d30c009271fe68a242d330c83b1b9d76d62d03d87e1e9528c61beea6",
                "sha256:3d184aff0756c44fff7de69eb4cd5b5311b6f452d4de28cb08343b3f21993763",
                "sha256:467d364b24cb398f76ad5e90398d71b9325eb4232be9e8a50d6a3b3c7a1c8789",
                "sha256:57c38470d9f57e37afb460c399eb254e7193ac7fb8042bd09bdc001981a9c74c",
                "sha256:9ada83f4384bbb12dedc152bcdd46a3ac9f5f7720d43ac3ce3e8e8b91d733c10",
                "sha256:a1daf9c5120f3cc6f2b5fef8e1d2a3fb7bbbb20ed4bfdc25bc8364bc62dcf54b",
                "sha256:e6b77ae84f2b8502d99a7855fa33334a1eb6159de45626905cb3e454c023f339",
                "sha256:e881ef610ff48aece2f4ee2af03d2db1a146dc7c705561bd6089b2356f61641f",
                "sha256:f41037260deaacb875db250021fe883bf536bf6414a4fd25b25059b02e31b120"
            ],
            "version": "==4.5.0"
        }
    },
    "develop": {
        "alabaster": {
            "hashes": [
                "sha256:674bb3bab080f598371f4443c5008cbfeb1a5e622dd312395d2d82af2c54c456",
                "sha256:b63b1f4dc77c074d386752ec4a8a7517600f6c0db8cd42980cae17ab7b3275d7"
            ],
            "version": "==0.7.11"
        },
        "aspy.yaml": {
            "hashes": [
                "sha256:04d26279513618f1024e1aba46471db870b3b33aef204c2d09bcf93bea9ba13f",
                "sha256:0a77e23fafe7b242068ffc0252cee130d3e509040908fc678d9d1060e7494baa"
            ],
            "version": "==1.1.1"
        },
        "atomicwrites": {
            "hashes": [
                "sha256:0312ad34fcad8fac3704d441f7b317e50af620823353ec657a53e981f92920c0",
                "sha256:ec9ae8adaae229e4f8446952d204a3e4b5fdd2d099f9be3aaf556120135fb3ee"
            ],
            "version": "==1.2.1"
        },
        "attrs": {
            "hashes": [
                "sha256:10cbf6e27dbce8c30807caf056c8eb50917e0eaafe86347671b57254006c3e69",
                "sha256:ca4be454458f9dec299268d472aaa5a11f67a4ff70093396e1ceae9c76cf4bbb"
            ],
            "version": "==18.2.0"
        },
        "autopep8": {
            "hashes": [
                "sha256:655e3ee8b4545be6cfed18985f581ee9ecc74a232550ee46e9797b6fbf4f336d"
            ],
            "version": "==1.4"
        },
        "babel": {
            "hashes": [
                "sha256:6778d85147d5d85345c14a26aada5e478ab04e39b078b0745ee6870c2b5cf669",
                "sha256:8cba50f48c529ca3fa18cf81fa9403be176d374ac4d60738b839122dfaaa3d23"
            ],
            "version": "==2.6.0"
        },
        "cached-property": {
            "hashes": [
                "sha256:3a026f1a54135677e7da5ce819b0c690f156f37976f3e30c5430740725203d7f",
                "sha256:9217a59f14a5682da7c4b8829deadbfc194ac22e9908ccf7c8820234e80a1504"
            ],
            "version": "==1.5.1"
        },
        "certifi": {
            "hashes": [
                "sha256:376690d6f16d32f9d1fe8932551d80b23e9d393a8578c5633a2ed39a64861638",
                "sha256:456048c7e371c089d0a77a5212fb37a2c2dce1e24146e3b7e0261736aaeaa22a"
            ],
            "version": "==2018.8.24"
        },
        "cfgv": {
            "hashes": [
                "sha256:73f48a752bd7aab103c4b882d6596c6360b7aa63b34073dd2c35c7b4b8f93010",
                "sha256:d1791caa9ff5c0c7bce80e7ecc1921752a2eb7c2463a08ed9b6c96b85a2f75aa"
            ],
            "version": "==1.1.0"
        },
        "chardet": {
            "hashes": [
                "sha256:84ab92ed1c4d4f16916e05906b6b75a6c0fb5db821cc65e70cbd64a3e2a5eaae",
                "sha256:fc323ffcaeaed0e0a02bf4d117757b98aed530d9ed4531e3e15460124c106691"
            ],
            "index": "pypi",
            "version": "==3.0.4"
        },
        "check-manifest": {
            "hashes": [
                "sha256:44e3cf4b0833a55460046bf7a3600eaadbcae5e9d13baf0c9d9789dd5c2c6452",
                "sha256:728edbaccadaa86db0b8f876afac1fb90bce9452234753dfe4ef8fe786dcc2f1"
            ],
            "index": "pypi",
            "version": "==0.37"
        },
        "commonmark": {
            "hashes": [
                "sha256:34d73ec8085923c023930dfc0bcd1c4286e28a2a82de094bb72fabcc0281cbe5"
            ],
            "version": "==0.5.4"
        },
        "configparser": {
            "hashes": [
                "sha256:5308b47021bc2340965c371f0f058cc6971a04502638d4244225c49d80db273a"
            ],
            "markers": "python_version < '3.2'",
            "version": "==3.5.0"
        },
        "coverage": {
            "hashes": [
                "sha256:03481e81d558d30d230bc12999e3edffe392d244349a90f4ef9b88425fac74ba",
                "sha256:0b136648de27201056c1869a6c0d4e23f464750fd9a9ba9750b8336a244429ed",
                "sha256:10a46017fef60e16694a30627319f38a2b9b52e90182dddb6e37dcdab0f4bf95",
                "sha256:198626739a79b09fa0a2f06e083ffd12eb55449b5f8bfdbeed1df4910b2ca640",
                "sha256:23d341cdd4a0371820eb2b0bd6b88f5003a7438bbedb33688cd33b8eae59affd",
                "sha256:28b2191e7283f4f3568962e373b47ef7f0392993bb6660d079c62bd50fe9d162",
                "sha256:2a5b73210bad5279ddb558d9a2bfedc7f4bf6ad7f3c988641d83c40293deaec1",
                "sha256:2eb564bbf7816a9d68dd3369a510be3327f1c618d2357fa6b1216994c2e3d508",
                "sha256:337ded681dd2ef9ca04ef5d93cfc87e52e09db2594c296b4a0a3662cb1b41249",
                "sha256:3a2184c6d797a125dca8367878d3b9a178b6fdd05fdc2d35d758c3006a1cd694",
                "sha256:3c79a6f7b95751cdebcd9037e4d06f8d5a9b60e4ed0cd231342aa8ad7124882a",
                "sha256:3d72c20bd105022d29b14a7d628462ebdc61de2f303322c0212a054352f3b287",
                "sha256:3eb42bf89a6be7deb64116dd1cc4b08171734d721e7a7e57ad64cc4ef29ed2f1",
                "sha256:4635a184d0bbe537aa185a34193898eee409332a8ccb27eea36f262566585000",
                "sha256:56e448f051a201c5ebbaa86a5efd0ca90d327204d8b059ab25ad0f35fbfd79f1",
                "sha256:5a13ea7911ff5e1796b6d5e4fbbf6952381a611209b736d48e675c2756f3f74e",
                "sha256:69bf008a06b76619d3c3f3b1983f5145c75a305a0fea513aca094cae5c40a8f5",
                "sha256:6bc583dc18d5979dc0f6cec26a8603129de0304d5ae1f17e57a12834e7235062",
                "sha256:701cd6093d63e6b8ad7009d8a92425428bc4d6e7ab8d75efbb665c806c1d79ba",
                "sha256:7608a3dd5d73cb06c531b8925e0ef8d3de31fed2544a7de6c63960a1e73ea4bc",
                "sha256:76ecd006d1d8f739430ec50cc872889af1f9c1b6b8f48e29941814b09b0fd3cc",
                "sha256:7aa36d2b844a3e4a4b356708d79fd2c260281a7390d678a10b91ca595ddc9e99",
                "sha256:7d3f553904b0c5c016d1dad058a7554c7ac4c91a789fca496e7d8347ad040653",
                "sha256:7e1fe19bd6dce69d9fd159d8e4a80a8f52101380d5d3a4d374b6d3eae0e5de9c",
                "sha256:8c3cb8c35ec4d9506979b4cf90ee9918bc2e49f84189d9bf5c36c0c1119c6558",
                "sha256:9d6dd10d49e01571bf6e147d3b505141ffc093a06756c60b053a859cb2128b1f",
                "sha256:be6cfcd8053d13f5f5eeb284aa8a814220c3da1b0078fa859011c7fffd86dab9",
                "sha256:c1bb572fab8208c400adaf06a8133ac0712179a334c09224fb11393e920abcdd",
                "sha256:de4418dadaa1c01d497e539210cb6baa015965526ff5afc078c57ca69160108d",
                "sha256:e05cb4d9aad6233d67e0541caa7e511fa4047ed7750ec2510d466e806e0255d6",
                "sha256:f3f501f345f24383c0000395b26b726e46758b71393267aeae0bd36f8b3ade80"
            ],
            "index": "pypi",
            "version": "==4.5.1"
        },
        "detox": {
            "hashes": [
                "sha256:3e0947a1b7b11351b4048286b6249d26443a44f68c9511c04a7282be7bf0201c",
                "sha256:f0c2af9c29f8e200a50b561ccc531df3087c80e7d3de6cfa9828f5fea3c8f56c"
            ],
            "index": "pypi",
            "version": "==0.13"
        },
        "dnspython": {
            "hashes": [
                "sha256:40f563e1f7a7b80dc5a4e76ad75c23da53d62f1e15e6e517293b04e1f84ead7c",
                "sha256:861e6e58faa730f9845aaaa9c6c832851fbf89382ac52915a51f89c71accdd31"
            ],
            "version": "==1.15.0"
        },
        "docutils": {
            "hashes": [
                "sha256:02aec4bd92ab067f6ff27a38a38a41173bf01bed8f89157768c1573f53e474a6",
                "sha256:51e64ef2ebfb29cae1faa133b3710143496eca21c530f3f71424d77687764274",
                "sha256:7a4bd47eaf6596e1295ecb11361139febe29b084a87bf005bf899f9a42edc3c6"
            ],
            "version": "==0.14"
        },
        "enum34": {
            "hashes": [
                "sha256:2d81cbbe0e73112bdfe6ef8576f2238f2ba27dd0d55752a776c41d38b7da2850",
                "sha256:644837f692e5f550741432dd3f223bbb9852018674981b1664e5dc339387588a",
                "sha256:6bd0f6ad48ec2aa117d3d141940d484deccda84d4fcd884f5c3d93c23ecd8c79",
                "sha256:8ad8c4783bf61ded74527bffb48ed9b54166685e4230386a9ed9b1279e2df5b1"
            ],
            "markers": "python_version < '3.4'",
            "version": "==1.1.6"
        },
        "eventlet": {
            "hashes": [
                "sha256:c584163e006e613707e224552fafc63e4e0aa31d7de0ab18b481ac0b385254c8",
                "sha256:d9d31a3c8dbcedbcce5859a919956d934685b17323fc80e1077cb344a2ffa68d"
            ],
            "version": "==0.24.1"
        },
        "flake8": {
            "hashes": [
                "sha256:7253265f7abd8b313e3892944044a365e3f4ac3fcdcfb4298f55ee9ddf188ba0",
                "sha256:c7841163e2b576d435799169b78703ad6ac1bbb0f199994fc05f700b2a90ea37"
            ],
            "index": "pypi",
            "version": "==3.5.0"
        },
        "flake8-blind-except": {
            "hashes": [
                "sha256:aca3356633825544cec51997260fe31a8f24a1a2795ce8e81696b9916745e599"
            ],
            "index": "pypi",
            "version": "==0.1.1"
        },
        "flake8-builtins": {
            "hashes": [
                "sha256:8d806360767947c0035feada4ddef3ede32f0a586ef457e62d811b8456ad9a51",
                "sha256:cd7b1b7fec4905386a3643b59f9ca8e305768da14a49a7efb31fe9364f33cd04"
            ],
            "index": "pypi",
            "version": "==1.4.1"
        },
        "flake8-commas": {
            "hashes": [
                "sha256:d3005899466f51380387df7151fb59afec666a0f4f4a2c6a8995b975de0f44b7",
                "sha256:ee2141a3495ef9789a3894ed8802d03eff1eaaf98ce6d8653a7c573ef101935e"
            ],
            "index": "pypi",
            "version": "==2.0.0"
        },
        "flake8-comprehensions": {
            "hashes": [
                "sha256:b83891fec0e680b07aa1fd92e53eb6993be29a0f3673a09badbe8da307c445e0",
                "sha256:e4ccf1627f75f192eb7fde640f5edb81c98d04b1390df9d4145ffd7710bb1ef2"
            ],
            "index": "pypi",
            "version": "==1.4.1"
        },
        "flake8-debugger": {
            "hashes": [
                "sha256:be4fb88de3ee8f6dd5053a2d347e2c0a2b54bab6733a2280bb20ebd3c4ca1d97"
            ],
            "index": "pypi",
            "version": "==3.1.0"
        },
        "flake8-deprecated": {
            "hashes": [
                "sha256:211951854837ced9ec997a75c6e5b957f3536a735538ee0620b76539fd3706cd",
                "sha256:9fa5a0c5c81fb3b34c53a0e4f16cd3f0a3395078cfd4988011cbab5fb0afa7f7"
            ],
            "index": "pypi",
            "version": "==1.3"
        },
        "flake8-isort": {
            "hashes": [
                "sha256:298d7904ac3a46274edf4ce66fd7e272c2a60c34c3cc999dea000608d64e5e6e",
                "sha256:5992850626ce96547b1f1c7e8a7f0ef49ab2be44eca2177934566437b636fa3c"
            ],
            "index": "pypi",
            "version": "==2.5"
        },
        "flake8-mock": {
            "hashes": [
                "sha256:2fa775e7589f4e1ad74f35d60953eb20937f5d7355235e54bf852c6837f2bede"
            ],
            "index": "pypi",
            "version": "==0.3"
        },
        "flake8-mutable": {
            "hashes": [
                "sha256:38fd9dadcbcda6550a916197bc40ed76908119dabb37fbcca30873666c31d2d5",
                "sha256:ee9b77111b867d845177bbc289d87d541445ffcc6029a0c5c65865b42b18c6a6"
            ],
            "index": "pypi",
            "version": "==1.2.0"
        },
        "flake8-polyfill": {
            "hashes": [
                "sha256:12be6a34ee3ab795b19ca73505e7b55826d5f6ad7230d31b18e106400169b9e9",
                "sha256:e44b087597f6da52ec6393a709e7108b2905317d0c0b744cdca6208e670d8eda"
            ],
            "version": "==1.0.2"
        },
        "flake8-quotes": {
            "hashes": [
                "sha256:fd9127ad8bbcf3b546fa7871a5266fd8623ce765ebe3d5aa5eabb80c01212b26"
            ],
            "index": "pypi",
            "version": "==1.0.0"
        },
        "funcsigs": {
            "hashes": [
                "sha256:330cc27ccbf7f1e992e69fef78261dc7c6569012cf397db8d3de0234e6c937ca",
                "sha256:a7bb0f2cf3a3fd1ab2732cb49eba4252c2af4240442415b4abce3b87022a8f50"
            ],
            "markers": "python_version < '3.3'",
            "version": "==1.0.2"
        },
        "futures": {
            "hashes": [
                "sha256:9ec02aa7d674acb8618afb127e27fde7fc68994c0437ad759fa094a574adb265",
                "sha256:ec0a6cb848cc212002b9828c3e34c675e0c9ff6741dc445cab6fdd4e1085d1f1"
            ],
            "version": "==3.2.0"
        },
        "greenlet": {
            "hashes": [
                "sha256:000546ad01e6389e98626c1367be58efa613fa82a1be98b0c6fc24b563acc6d0",
                "sha256:0d48200bc50cbf498716712129eef819b1729339e34c3ae71656964dac907c28",
                "sha256:23d12eacffa9d0f290c0fe0c4e81ba6d5f3a5b7ac3c30a5eaf0126bf4deda5c8",
                "sha256:37c9ba82bd82eb6a23c2e5acc03055c0e45697253b2393c9a50cef76a3985304",
                "sha256:51503524dd6f152ab4ad1fbd168fc6c30b5795e8c70be4410a64940b3abb55c0",
                "sha256:8041e2de00e745c0e05a502d6e6db310db7faa7c979b3a5877123548a4c0b214",
                "sha256:81fcd96a275209ef117e9ec91f75c731fa18dcfd9ffaa1c0adbdaa3616a86043",
                "sha256:853da4f9563d982e4121fed8c92eea1a4594a2299037b3034c3c898cb8e933d6",
                "sha256:8b4572c334593d449113f9dc8d19b93b7b271bdbe90ba7509eb178923327b625",
                "sha256:9416443e219356e3c31f1f918a91badf2e37acf297e2fa13d24d1cc2380f8fbc",
                "sha256:9854f612e1b59ec66804931df5add3b2d5ef0067748ea29dc60f0efdcda9a638",
                "sha256:99a26afdb82ea83a265137a398f570402aa1f2b5dfb4ac3300c026931817b163",
                "sha256:a19bf883b3384957e4a4a13e6bd1ae3d85ae87f4beb5957e35b0be287f12f4e4",
                "sha256:a9f145660588187ff835c55a7d2ddf6abfc570c2651c276d3d4be8a2766db490",
                "sha256:ac57fcdcfb0b73bb3203b58a14501abb7e5ff9ea5e2edfa06bb03035f0cff248",
                "sha256:bcb530089ff24f6458a81ac3fa699e8c00194208a724b644ecc68422e1111939",
                "sha256:beeabe25c3b704f7d56b573f7d2ff88fc99f0138e43480cecdfcaa3b87fe4f87",
                "sha256:d634a7ea1fc3380ff96f9e44d8d22f38418c1c381d5fac680b272d7d90883720",
                "sha256:d97b0661e1aead761f0ded3b769044bb00ed5d33e1ec865e891a8b128bf7c656"
            ],
            "version": "==0.4.15"
        },
        "identify": {
            "hashes": [
                "sha256:6aa415d0ce7cb358dfa38844338057067533ffe4973b1c9bc33c5e8e4e54ec92",
                "sha256:ac6ae37088cb87da931fc681d1e13da46bf2e06c344dc1d49b18b2f6cd5aa140"
            ],
            "version": "==1.1.5"
        },
        "idna": {
            "hashes": [
                "sha256:156a6814fb5ac1fc6850fb002e0852d56c0c8d2531923a51032d1b70760e186e",
                "sha256:684a38a6f903c1d71d6d5fac066b58d7768af4de2b832e426ec79c30daa94a16"
            ],
            "version": "==2.7"
        },
        "imagesize": {
            "hashes": [
                "sha256:3f349de3eb99145973fefb7dbe38554414e5c30abd0c8e4b970a7c9d09f3a1d8",
                "sha256:f3832918bc3c66617f92e35f5d70729187676313caa60c187eb0f28b8fe5e3b5"
            ],
            "version": "==1.1.0"
        },
        "isort": {
            "hashes": [
                "sha256:1153601da39a25b14ddc54955dbbacbb6b2d19135386699e2ad58517953b34af",
                "sha256:b9c40e9750f3d77e6e4d441d8b0266cf555e7cdabdcff33c4fd06366ca761ef8",
                "sha256:ec9ef8f4a9bc6f71eec99e1806bfa2de401650d996c59330782b89a5555c1497"
            ],
            "index": "pypi",
            "version": "==4.3.4"
        },
        "jinja2": {
            "hashes": [
                "sha256:74c935a1b8bb9a3947c50a54766a969d4846290e1e788ea44c1392163723c3bd",
                "sha256:f84be1bb0040caca4cea721fcbbbbd61f9be9464ca236387158b0feea01914a4"
            ],
            "version": "==2.10"
        },
        "markupsafe": {
            "hashes": [
                "sha256:a6be69091dac236ea9c6bc7d012beab42010fa914c459791d627dad4910eb665"
            ],
            "version": "==1.0"
        },
        "mccabe": {
            "hashes": [
                "sha256:ab8a6258860da4b6677da4bd2fe5dc2c659cff31b3ee4f7f5d64e79735b80d42",
                "sha256:dd8d182285a0fe56bace7f45b5e7d1a6ebcbf524e8f3bd87eb0f125271b8831f"
            ],
            "version": "==0.6.1"
        },
        "mock": {
            "hashes": [
                "sha256:5ce3c71c5545b472da17b72268978914d0252980348636840bd34a00b5cc96c1",
                "sha256:b158b6df76edd239b8208d481dc46b6afd45a846b7812ff0ce58971cf5bc8bba"
            ],
            "index": "pypi",
            "version": "==2.0.0"
        },
        "monotonic": {
            "hashes": [
                "sha256:23953d55076df038541e648a53676fb24980f7a1be290cdda21300b3bc21dfb0",
                "sha256:552a91f381532e33cbd07c6a2655a21908088962bb8fa7239ecbcc6ad1140cc7"
            ],
            "version": "==1.5"
        },
        "more-itertools": {
            "hashes": [
                "sha256:c187a73da93e7a8acc0001572aebc7e3c69daf7bf6881a2cea10650bd4420092",
                "sha256:c476b5d3a34e12d40130bc2f935028b5f636df8f372dc2c1c01dc19681b2039e",
                "sha256:fcbfeaea0be121980e15bc97b3817b5202ca73d0eae185b4550cbfce2a3ebb3d"
            ],
            "version": "==4.3.0"
        },
        "nodeenv": {
            "hashes": [
                "sha256:aa040ab5189bae17d272175609010be6c5b589ec4b8dbd832cc50c9e9cb7496f"
            ],
            "version": "==1.3.2"
        },
        "packaging": {
            "hashes": [
                "sha256:e9215d2d2535d3ae866c3d6efc77d5b24a0192cce0ff20e42896cc0664f889c0",
                "sha256:f019b770dd64e585a99714f1fd5e01c7a8f11b45635aa953fd41c689a657375b"
            ],
            "version": "==17.1"
        },
        "pathlib2": {
            "hashes": [
                "sha256:8eb170f8d0d61825e09a95b38be068299ddeda82f35e96c3301a8a5e7604cb83",
                "sha256:d1aa2a11ba7b8f7b21ab852b1fb5afb277e1bb99d5dfc663380b5015c0d80c5a"
            ],
            "markers": "python_version < '3.6'",
            "version": "==2.3.2"
        },
        "pbr": {
            "hashes": [
                "sha256:1b8be50d938c9bb75d0eaf7eda111eec1bf6dc88a62a6412e33bf077457e0f45",
                "sha256:b486975c0cafb6beeb50ca0e17ba047647f229087bd74e37f4a7e2cac17d2caa"
            ],
            "version": "==4.2.0"
        },
        "pep8-naming": {
            "hashes": [
                "sha256:360308d2c5d2fff8031c1b284820fbdb27a63274c0c1a8ce884d631836da4bdd",
                "sha256:624258e0dd06ef32a9daf3c36cc925ff7314da7233209c5b01f7e5cdd3c34826"
            ],
            "index": "pypi",
            "version": "==0.7.0"
        },
        "pluggy": {
            "hashes": [
                "sha256:6e3836e39f4d36ae72840833db137f7b7d35105079aee6ec4a62d9f80d594dd1",
                "sha256:95eb8364a4708392bae89035f45341871286a333f749c3141c20573d2b3876e1"
            ],
            "version": "==0.7.1"
        },
        "pre-commit": {
            "hashes": [
                "sha256:18ef2892ff6b6518945bc7dcf423e3c969033a4ca132b6a1ae0d52eb2e51ea27",
                "sha256:88d59872610a7069d937b6868632ba534187bda58c4665de12b25c8c549ddd0e"
            ],
            "index": "pypi",
            "version": "==1.11.0"
        },
        "pre-commit-hooks": {
            "hashes": [
                "sha256:b557e66d94a687d6cc1b05d71438739c6948c2be9fb953ae093d3e31762cc4d7",
                "sha256:e688ad533a6aca87a93f7b4b888a4ba4833d7fdfb244f6148dcbadbf8edef5d8"
            ],
            "index": "pypi",
            "version": "==1.4.0"
        },
        "py": {
            "hashes": [
                "sha256:06a30435d058473046be836d3fc4f27167fd84c45b99704f2fb5509ef61f9af1",
                "sha256:50402e9d1c9005d759426988a492e0edaadb7f4e68bcddfea586bc7432d009c6"
            ],
            "version": "==1.6.0"
        },
        "pycodestyle": {
            "hashes": [
                "sha256:682256a5b318149ca0d2a9185d365d8864a768a28db66a84a2ea946bcc426766",
                "sha256:6c4245ade1edfad79c3446fadfc96b0de2759662dc29d07d80a6f27ad1ca6ba9"
            ],
            "version": "==2.3.1"
        },
        "pyenchant": {
            "hashes": [
                "sha256:b9526fc2c5f1ba0637e50200b645a7c20fb6644dbc6f6322027e7d2fbf1084a5",
                "sha256:e8000144e61551fcab9cd1b6fdccdded20e577e8d6d0985533f0b2b9c38fd952",
                "sha256:fc31cda72ace001da8fe5d42f11c26e514a91fa8c70468739216ddd8de64e2a0"
            ],
            "version": "==2.0.0"
        },
        "pyflakes": {
            "hashes": [
                "sha256:08bd6a50edf8cffa9fa09a463063c425ecaaf10d1eb0335a7e8b1401aef89e6f",
                "sha256:8d616a382f243dbf19b54743f280b80198be0bca3a5396f1d2e1fca6223e8805"
            ],
            "version": "==1.6.0"
        },
        "pygments": {
            "hashes": [
                "sha256:78f3f434bcc5d6ee09020f92ba487f95ba50f1e3ef83ae96b9d5ffa1bab25c5d",
                "sha256:dbae1046def0efb574852fab9e90209b23f556367b5a320c0bcb871c77c3e8cc"
            ],
            "version": "==2.2.0"
        },
        "pyparsing": {
            "hashes": [
                "sha256:0832bcf47acd283788593e7a0f542407bd9550a55a8a8435214a1960e04bcb04",
                "sha256:fee43f17a9c4087e7ed1605bd6df994c6173c1e977d7ade7b651292fab2bd010"
            ],
            "version": "==2.2.0"
        },
        "pytest": {
            "hashes": [
                "sha256:453cbbbe5ce6db38717d282b758b917de84802af4288910c12442984bde7b823",
                "sha256:a8a07f84e680482eb51e244370aaf2caa6301ef265f37c2bdefb3dd3b663f99d"
            ],
            "index": "pypi",
            "version": "==3.8.0"
        },
        "pytest-cov": {
            "hashes": [
                "sha256:513c425e931a0344944f84ea47f3956be0e416d95acbd897a44970c8d926d5d7",
                "sha256:e360f048b7dae3f2f2a9a4d067b2dd6b6a015d384d1577c994a43f3f7cbad762"
            ],
            "index": "pypi",
            "version": "==2.6.0"
        },
        "pytz": {
            "hashes": [
                "sha256:a061aa0a9e06881eb8b3b2b43f05b9439d6583c206d0a6c340ff72a7b6669053",
                "sha256:ffb9ef1de172603304d9d2819af6f5ece76f2e85ec10692a524dd876e72bf277"
            ],
            "version": "==2018.5"
        },
        "pyyaml": {
            "hashes": [
                "sha256:3d7da3009c0f3e783b2c873687652d83b1bbfd5c88e9813fb7e5b03c0dd3108b",
                "sha256:3ef3092145e9b70e3ddd2c7ad59bdd0252a94dfe3949721633e41344de00a6bf",
                "sha256:40c71b8e076d0550b2e6380bada1f1cd1017b882f7e16f09a65be98e017f211a",
                "sha256:558dd60b890ba8fd982e05941927a3911dc409a63dcb8b634feaa0cda69330d3",
                "sha256:a7c28b45d9f99102fa092bb213aa12e0aaf9a6a1f5e395d36166639c1f96c3a1",
                "sha256:aa7dd4a6a427aed7df6fb7f08a580d68d9b118d90310374716ae90b710280af1",
                "sha256:bc558586e6045763782014934bfaf39d48b8ae85a2713117d16c39864085c613",
                "sha256:d46d7982b62e0729ad0175a9bc7e10a566fc07b224d2c79fafb5e032727eaa04",
                "sha256:d5eef459e30b09f5a098b9cea68bebfeb268697f78d647bd255a085371ac7f3f",
                "sha256:e01d3203230e1786cd91ccfdc8f8454c8069c91bee3962ad93b87a4b2860f537",
                "sha256:e170a9e6fcfd19021dd29845af83bb79236068bf5fd4df3327c1be18182b2531"
            ],
            "version": "==3.13"
        },
        "recommonmark": {
            "hashes": [
                "sha256:6e29c723abcf5533842376d87c4589e62923ecb6002a8e059eb608345ddaff9d",
                "sha256:cd8bf902e469dae94d00367a8197fb7b81fcabc9cfb79d520e0d22d0fbeaa8b7"
            ],
            "index": "pypi",
            "version": "==0.4.0"
        },
        "requests": {
            "hashes": [
                "sha256:63b52e3c866428a224f97cab011de738c36aec0185aa91cfacd418b5d58911d1",
                "sha256:ec22d826a36ed72a7358ff3fe56cbd4ba69dd7a6718ffd450ff0e9df7a47ce6a"
            ],
            "version": "==2.19.1"
        },
        "scandir": {
            "hashes": [
                "sha256:04b8adb105f2ed313a7c2ef0f1cf7aff4871aa7a1883fa4d8c44b5551ab052d6",
                "sha256:1444134990356c81d12f30e4b311379acfbbcd03e0bab591de2696a3b126d58e",
                "sha256:1b5c314e39f596875e5a95dd81af03730b338c277c54a454226978d5ba95dbb6",
                "sha256:346619f72eb0ddc4cf355ceffd225fa52506c92a2ff05318cfabd02a144e7c4e",
                "sha256:44975e209c4827fc18a3486f257154d34ec6eaec0f90fef0cca1caa482db7064",
                "sha256:61859fd7e40b8c71e609c202db5b0c1dbec0d5c7f1449dec2245575bdc866792",
                "sha256:a5e232a0bf188362fa00123cc0bb842d363a292de7126126df5527b6a369586a",
                "sha256:c14701409f311e7a9b7ec8e337f0815baf7ac95776cc78b419a1e6d49889a383",
                "sha256:c7708f29d843fc2764310732e41f0ce27feadde453261859ec0fca7865dfc41b",
                "sha256:c9009c527929f6e25604aec39b0a43c3f831d2947d89d6caaab22f057b7055c8",
                "sha256:f5c71e29b4e2af7ccdc03a020c626ede51da471173b4a6ad1e904f2b2e04b4bd"
            ],
            "markers": "python_version < '3.5'",
            "version": "==1.9.0"
        },
        "six": {
            "hashes": [
                "sha256:70e8a77beed4562e7f14fe23a786b54f6296e34344c23bc42f07b15018ff98e9",
                "sha256:832dc0e10feb1aa2c68dcc57dbb658f1c7e65b9b61af69048abc87a2db00a0eb"
            ],
            "version": "==1.11.0"
        },
        "snowballstemmer": {
            "hashes": [
                "sha256:919f26a68b2c17a7634da993d91339e288964f93c274f1343e3bbbe2096e1128",
                "sha256:9f3bcd3c401c3e862ec0ebe6d2c069ebc012ce142cce209c098ccb5b09136e89"
            ],
            "version": "==1.2.1"
        },
        "sphinx": {
            "hashes": [
                "sha256:95acd6648902333647a0e0564abdb28a74b0a76d2333148aa35e5ed1f56d3c4b",
                "sha256:c091dbdd5cc5aac6eb95d591a819fd18bccec90ffb048ec465b165a48b839b45"
            ],
            "index": "pypi",
            "version": "==1.8.0"
        },
        "sphinx-rtd-theme": {
            "hashes": [
                "sha256:3b49758a64f8a1ebd8a33cb6cc9093c3935a908b716edfaa5772fd86aac27ef6",
                "sha256:80e01ec0eb711abacb1fa507f3eae8b805ae8fa3e8b057abfdf497e3f644c82c"
            ],
            "index": "pypi",
            "version": "==0.4.1"
        },
        "sphinxcontrib-spelling": {
            "hashes": [
                "sha256:44a9445b237ade895ae1fccbe6f41422489b1ffb2a026c1b78b0c1c1c229f9bf",
                "sha256:e25182225d8380c886000e544024f8513a2e7dad130f8297b8c23db80e31b6ed"
            ],
            "index": "pypi",
            "version": "==4.2.0"
        },
        "sphinxcontrib-websupport": {
            "hashes": [
                "sha256:68ca7ff70785cbe1e7bccc71a48b5b6d965d79ca50629606c7861a21b206d9dd",
                "sha256:9de47f375baf1ea07cdb3436ff39d7a9c76042c10a769c52353ec46e4e8fc3b9"
            ],
            "version": "==1.1.0"
        },
        "testfixtures": {
            "hashes": [
                "sha256:334497d26344e8c0c5d01b4d785a1c83464573151e6a5f7ab250eb7981d452ec",
                "sha256:53c06c1feb0bf378d63c54d1d96858978422d5a34793b39f0dcb0e44f8ec26f4"
            ],
            "version": "==6.3.0"
        },
        "toml": {
            "hashes": [
                "sha256:380178cde50a6a79f9d2cf6f42a62a5174febe5eea4126fe4038785f1d888d42",
                "sha256:a7901919d3e4f92ffba7ff40a9d697e35bbbc8a8049fe8da742f34c83606d957"
            ],
            "version": "==0.9.6"
        },
        "tox": {
            "hashes": [
                "sha256:433bb93c57edae263150767e672a0d468ab4fefcc1958eb4013e56a670bb851e",
                "sha256:bfb4e4efb7c61a54bc010a5c00fdbe0973bc4bdf04090bfcd3c93c901006177c"
            ],
            "index": "pypi",
            "version": "==3.3.0"
        },
        "typing": {
            "hashes": [
                "sha256:4027c5f6127a6267a435201981ba156de91ad0d1d98e9ddc2aa173453453492d",
                "sha256:57dcf675a99b74d64dacf6fba08fb17cf7e3d5fdff53d4a30ea2a5e7e52543d4",
                "sha256:a4c8473ce11a65999c8f59cb093e70686b6c84c98df58c1dae9b3b196089858a"
            ],
            "markers": "python_version < '3.5'",
            "version": "==3.6.6"
        },
        "urllib3": {
            "hashes": [
                "sha256:a68ac5e15e76e7e5dd2b8f94007233e01effe3e50e8daddf69acfd81cb686baf",
                "sha256:b5725a0bd4ba422ab0e66e89e030c806576753ea3ee08554382c14e685d117b5"
            ],
            "version": "==1.23"
        },
        "virtualenv": {
            "hashes": [
                "sha256:2ce32cd126117ce2c539f0134eb89de91a8413a29baac49cbab3eb50e2026669",
                "sha256:ca07b4c0b54e14a91af9f34d0919790b016923d157afda5efdde55c96718f752"
            ],
            "version": "==16.0.0"
        }
    }
}
